
Microsoft Visual Studio Solution File, Format Version 12.00
# Visual Studio 14
VisualStudioVersion = 14.0.25420.1
MinimumVisualStudioVersion = 10.0.40219.1
Project("{FAE04EC0-301F-11D3-BF4B-00C04F79EFBC}") = "QuizWebApp", "QuizWebApp\QuizWebApp.csproj", "{54994C8D-6C4D-45AA-8E40-49B6FD419614}"
EndProject
Global
	GlobalSection(SolutionConfigurationPlatforms) = preSolution
		Debug|Any CPU = Debug|Any CPU
		Release|Any CPU = Release|Any CPU
	EndGlobalSection
	GlobalSection(ProjectConfigurationPlatforms) = postSolution
		{54994C8D-6C4D-45AA-8E40-49B6FD419614}.Debug|Any CPU.ActiveCfg = Debug|Any CPU
		{54994C8D-6C4D-45AA-8E40-49B6FD419614}.Debug|Any CPU.Build.0 = Debug|Any CPU
		{54994C8D-6C4D-45AA-8E40-49B6FD419614}.Release|Any CPU.ActiveCfg = Release|Any CPU
		{54994C8D-6C4D-45AA-8E40-49B6FD419614}.Release|Any CPU.Build.0 = Release|Any CPU
	EndGlobalSection
	GlobalSection(SolutionProperties) = preSolution
		HideSolutionNode = FALSE
	EndGlobalSection
EndGlobal
