
Microsoft Visual Studio Solution File, Format Version 12.00
# Visual Studio 14
VisualStudioVersion = 14.0.25420.1
MinimumVisualStudioVersion = 10.0.40219.1
Project("{FAE04EC0-301F-11D3-BF4B-00C04F79EFBC}") = "WindowsFormsApplication1", "WindowsFormsApplication1\WindowsFormsApplication1.csproj", "{5CFC70DA-02F2-430A-98B3-AE0B4E4FA23E}"
EndProject
Project("{FAE04EC0-301F-11D3-BF4B-00C04F79EFBC}") = "WindowsFormsApplication2", "WindowsFormsApplication2\WindowsFormsApplication2.csproj", "{7766C913-479F-4CE8-AA66-7903B4D99716}"
EndProject
Global
	GlobalSection(SolutionConfigurationPlatforms) = preSolution
		Debug|Any CPU = Debug|Any CPU
		Release|Any CPU = Release|Any CPU
	EndGlobalSection
	GlobalSection(ProjectConfigurationPlatforms) = postSolution
		{5CFC70DA-02F2-430A-98B3-AE0B4E4FA23E}.Debug|Any CPU.ActiveCfg = Debug|Any CPU
		{5CFC70DA-02F2-430A-98B3-AE0B4E4FA23E}.Debug|Any CPU.Build.0 = Debug|Any CPU
		{5CFC70DA-02F2-430A-98B3-AE0B4E4FA23E}.Release|Any CPU.ActiveCfg = Release|Any CPU
		{5CFC70DA-02F2-430A-98B3-AE0B4E4FA23E}.Release|Any CPU.Build.0 = Release|Any CPU
		{7766C913-479F-4CE8-AA66-7903B4D99716}.Debug|Any CPU.ActiveCfg = Debug|Any CPU
		{7766C913-479F-4CE8-AA66-7903B4D99716}.Debug|Any CPU.Build.0 = Debug|Any CPU
		{7766C913-479F-4CE8-AA66-7903B4D99716}.Release|Any CPU.ActiveCfg = Release|Any CPU
		{7766C913-479F-4CE8-AA66-7903B4D99716}.Release|Any CPU.Build.0 = Release|Any CPU
	EndGlobalSection
	GlobalSection(SolutionProperties) = preSolution
		HideSolutionNode = FALSE
	EndGlobalSection
EndGlobal
